
Microsoft Visual Studio Solution File, Format Version 12.00
# Visual Studio 15
VisualStudioVersion = 15.0.27703.2000
MinimumVisualStudioVersion = 10.0.40219.1
Project("{FAE04EC0-301F-11D3-BF4B-00C04F79EFBC}") = "CollectionViewChallenge.Android", "CollectionViewChallenge\CollectionViewChallenge.Android\CollectionViewChallenge.Android.csproj", "{258EF419-4440-4043-AA19-11E11B7BB121}"
EndProject
Project("{FAE04EC0-301F-11D3-BF4B-00C04F79EFBC}") = "CollectionViewChallenge.iOS", "CollectionViewChallenge\CollectionViewChallenge.iOS\CollectionViewChallenge.iOS.csproj", "{BADC3981-B77A-4CE8-BF44-A37B5D4FBEE1}"
EndProject
Project("{FAE04EC0-301F-11D3-BF4B-00C04F79EFBC}") = "CollectionViewChallenge", "CollectionViewChallenge\CollectionViewChallenge\CollectionViewChallenge.csproj", "{5E4AC6E4-155D-44AA-A696-A14CBC73A285}"
EndProject
Global
	GlobalSection(SolutionConfigurationPlatforms) = preSolution
		Ad-Hoc|Any CPU = Ad-Hoc|Any CPU
		Ad-Hoc|iPhone = Ad-Hoc|iPhone
		Ad-Hoc|iPhoneSimulator = Ad-Hoc|iPhoneSimulator
		AppStore|Any CPU = AppStore|Any CPU
		AppStore|iPhone = AppStore|iPhone
		AppStore|iPhoneSimulator = AppStore|iPhoneSimulator
		Debug|Any CPU = Debug|Any CPU
		Debug|iPhone = Debug|iPhone
		Debug|iPhoneSimulator = Debug|iPhoneSimulator
		Release|Any CPU = Release|Any CPU
		Release|iPhone = Release|iPhone
		Release|iPhoneSimulator = Release|iPhoneSimulator
	EndGlobalSection
	GlobalSection(ProjectConfigurationPlatforms) = postSolution
		{258EF419-4440-4043-AA19-11E11B7BB121}.Ad-Hoc|Any CPU.ActiveCfg = Release|Any CPU
		{258EF419-4440-4043-AA19-11E11B7BB121}.Ad-Hoc|Any CPU.Build.0 = Release|Any CPU
		{258EF419-4440-4043-AA19-11E11B7BB121}.Ad-Hoc|Any CPU.Deploy.0 = Release|Any CPU
		{258EF419-4440-4043-AA19-11E11B7BB121}.Ad-Hoc|iPhone.ActiveCfg = Release|Any CPU
		{258EF419-4440-4043-AA19-11E11B7BB121}.Ad-Hoc|iPhone.Build.0 = Release|Any CPU
		{258EF419-4440-4043-AA19-11E11B7BB121}.Ad-Hoc|iPhone.Deploy.0 = Release|Any CPU
		{258EF419-4440-4043-AA19-11E11B7BB121}.Ad-Hoc|iPhoneSimulator.ActiveCfg = Release|Any CPU
		{258EF419-4440-4043-AA19-11E11B7BB121}.Ad-Hoc|iPhoneSimulator.Build.0 = Release|Any CPU
		{258EF419-4440-4043-AA19-11E11B7BB121}.Ad-Hoc|iPhoneSimulator.Deploy.0 = Release|Any CPU
		{258EF419-4440-4043-AA19-11E11B7BB121}.AppStore|Any CPU.ActiveCfg = Release|Any CPU
		{258EF419-4440-4043-AA19-11E11B7BB121}.AppStore|Any CPU.Build.0 = Release|Any CPU
		{258EF419-4440-4043-AA19-11E11B7BB121}.AppStore|Any CPU.Deploy.0 = Release|Any CPU
		{258EF419-4440-4043-AA19-11E11B7BB121}.AppStore|iPhone.ActiveCfg = Release|Any CPU
		{258EF419-4440-4043-AA19-11E11B7BB121}.AppStore|iPhone.Build.0 = Release|Any CPU
		{258EF419-4440-4043-AA19-11E11B7BB121}.AppStore|iPhone.Deploy.0 = Release|Any CPU
		{258EF419-4440-4043-AA19-11E11B7BB121}.AppStore|iPhoneSimulator.ActiveCfg = Release|Any CPU
		{258EF419-4440-4043-AA19-11E11B7BB121}.AppStore|iPhoneSimulator.Build.0 = Release|Any CPU
		{258EF419-4440-4043-AA19-11E11B7BB121}.AppStore|iPhoneSimulator.Deploy.0 = Release|Any CPU
		{258EF419-4440-4043-AA19-11E11B7BB121}.Debug|Any CPU.ActiveCfg = Debug|Any CPU
		{258EF419-4440-4043-AA19-11E11B7BB121}.Debug|Any CPU.Build.0 = Debug|Any CPU
		{258EF419-4440-4043-AA19-11E11B7BB121}.Debug|Any CPU.Deploy.0 = Debug|Any CPU
		{258EF419-4440-4043-AA19-11E11B7BB121}.Debug|iPhone.ActiveCfg = Debug|Any CPU
		{258EF419-4440-4043-AA19-11E11B7BB121}.Debug|iPhone.Build.0 = Debug|Any CPU
		{258EF419-4440-4043-AA19-11E11B7BB121}.Debug|iPhone.Deploy.0 = Debug|Any CPU
		{258EF419-4440-4043-AA19-11E11B7BB121}.Debug|iPhoneSimulator.ActiveCfg = Debug|Any CPU
		{258EF419-4440-4043-AA19-11E11B7BB121}.Debug|iPhoneSimulator.Build.0 = Debug|Any CPU
		{258EF419-4440-4043-AA19-11E11B7BB121}.Debug|iPhoneSimulator.Deploy.0 = Debug|Any CPU
		{258EF419-4440-4043-AA19-11E11B7BB121}.Release|Any CPU.ActiveCfg = Release|Any CPU
		{258EF419-4440-4043-AA19-11E11B7BB121}.Release|Any CPU.Build.0 = Release|Any CPU
		{258EF419-4440-4043-AA19-11E11B7BB121}.Release|Any CPU.Deploy.0 = Release|Any CPU
		{258EF419-4440-4043-AA19-11E11B7BB121}.Release|iPhone.ActiveCfg = Release|Any CPU
		{258EF419-4440-4043-AA19-11E11B7BB121}.Release|iPhone.Build.0 = Release|Any CPU
		{258EF419-4440-4043-AA19-11E11B7BB121}.Release|iPhone.Deploy.0 = Release|Any CPU
		{258EF419-4440-4043-AA19-11E11B7BB121}.Release|iPhoneSimulator.ActiveCfg = Release|Any CPU
		{258EF419-4440-4043-AA19-11E11B7BB121}.Release|iPhoneSimulator.Build.0 = Release|Any CPU
		{258EF419-4440-4043-AA19-11E11B7BB121}.Release|iPhoneSimulator.Deploy.0 = Release|Any CPU
		{BADC3981-B77A-4CE8-BF44-A37B5D4FBEE1}.Ad-Hoc|Any CPU.ActiveCfg = Ad-Hoc|iPhone
		{BADC3981-B77A-4CE8-BF44-A37B5D4FBEE1}.Ad-Hoc|Any CPU.Build.0 = Ad-Hoc|iPhone
		{BADC3981-B77A-4CE8-BF44-A37B5D4FBEE1}.Ad-Hoc|Any CPU.Deploy.0 = Ad-Hoc|iPhone
		{BADC3981-B77A-4CE8-BF44-A37B5D4FBEE1}.Ad-Hoc|iPhone.ActiveCfg = Ad-Hoc|iPhone
		{BADC3981-B77A-4CE8-BF44-A37B5D4FBEE1}.Ad-Hoc|iPhone.Build.0 = Ad-Hoc|iPhone
		{BADC3981-B77A-4CE8-BF44-A37B5D4FBEE1}.Ad-Hoc|iPhone.Deploy.0 = Ad-Hoc|iPhone
		{BADC3981-B77A-4CE8-BF44-A37B5D4FBEE1}.Ad-Hoc|iPhoneSimulator.ActiveCfg = Ad-Hoc|iPhoneSimulator
		{BADC3981-B77A-4CE8-BF44-A37B5D4FBEE1}.Ad-Hoc|iPhoneSimulator.Build.0 = Ad-Hoc|iPhoneSimulator
		{BADC3981-B77A-4CE8-BF44-A37B5D4FBEE1}.Ad-Hoc|iPhoneSimulator.Deploy.0 = Ad-Hoc|iPhoneSimulator
		{BADC3981-B77A-4CE8-BF44-A37B5D4FBEE1}.AppStore|Any CPU.ActiveCfg = AppStore|iPhone
		{BADC3981-B77A-4CE8-BF44-A37B5D4FBEE1}.AppStore|Any CPU.Build.0 = AppStore|iPhone
		{BADC3981-B77A-4CE8-BF44-A37B5D4FBEE1}.AppStore|Any CPU.Deploy.0 = AppStore|iPhone
		{BADC3981-B77A-4CE8-BF44-A37B5D4FBEE1}.AppStore|iPhone.ActiveCfg = AppStore|iPhone
		{BADC3981-B77A-4CE8-BF44-A37B5D4FBEE1}.AppStore|iPhone.Build.0 = AppStore|iPhone
		{BADC3981-B77A-4CE8-BF44-A37B5D4FBEE1}.AppStore|iPhone.Deploy.0 = AppStore|iPhone
		{BADC3981-B77A-4CE8-BF44-A37B5D4FBEE1}.AppStore|iPhoneSimulator.ActiveCfg = AppStore|iPhoneSimulator
		{BADC3981-B77A-4CE8-BF44-A37B5D4FBEE1}.AppStore|iPhoneSimulator.Build.0 = AppStore|iPhoneSimulator
		{BADC3981-B77A-4CE8-BF44-A37B5D4FBEE1}.AppStore|iPhoneSimulator.Deploy.0 = AppStore|iPhoneSimulator
		{BADC3981-B77A-4CE8-BF44-A37B5D4FBEE1}.Debug|Any CPU.ActiveCfg = Debug|iPhoneSimulator
		{BADC3981-B77A-4CE8-BF44-A37B5D4FBEE1}.Debug|Any CPU.Build.0 = Debug|iPhoneSimulator
		{BADC3981-B77A-4CE8-BF44-A37B5D4FBEE1}.Debug|Any CPU.Deploy.0 = Debug|iPhoneSimulator
		{BADC3981-B77A-4CE8-BF44-A37B5D4FBEE1}.Debug|iPhone.ActiveCfg = Debug|iPhone
		{BADC3981-B77A-4CE8-BF44-A37B5D4FBEE1}.Debug|iPhone.Build.0 = Debug|iPhone
		{BADC3981-B77A-4CE8-BF44-A37B5D4FBEE1}.Debug|iPhone.Deploy.0 = Debug|iPhone
		{BADC3981-B77A-4CE8-BF44-A37B5D4FBEE1}.Debug|iPhoneSimulator.ActiveCfg = Debug|iPhoneSimulator
		{BADC3981-B77A-4CE8-BF44-A37B5D4FBEE1}.Debug|iPhoneSimulator.Build.0 = Debug|iPhoneSimulator
		{BADC3981-B77A-4CE8-BF44-A37B5D4FBEE1}.Debug|iPhoneSimulator.Deploy.0 = Debug|iPhoneSimulator
		{BADC3981-B77A-4CE8-BF44-A37B5D4FBEE1}.Release|Any CPU.ActiveCfg = Release|iPhone
		{BADC3981-B77A-4CE8-BF44-A37B5D4FBEE1}.Release|Any CPU.Build.0 = Release|iPhone
		{BADC3981-B77A-4CE8-BF44-A37B5D4FBEE1}.Release|Any CPU.Deploy.0 = Release|iPhone
		{BADC3981-B77A-4CE8-BF44-A37B5D4FBEE1}.Release|iPhone.ActiveCfg = Release|iPhone
		{BADC3981-B77A-4CE8-BF44-A37B5D4FBEE1}.Release|iPhone.Build.0 = Release|iPhone
		{BADC3981-B77A-4CE8-BF44-A37B5D4FBEE1}.Release|iPhone.Deploy.0 = Release|iPhone
		{BADC3981-B77A-4CE8-BF44-A37B5D4FBEE1}.Release|iPhoneSimulator.ActiveCfg = Release|iPhoneSimulator
		{BADC3981-B77A-4CE8-BF44-A37B5D4FBEE1}.Release|iPhoneSimulator.Build.0 = Release|iPhoneSimulator
		{BADC3981-B77A-4CE8-BF44-A37B5D4FBEE1}.Release|iPhoneSimulator.Deploy.0 = Release|iPhoneSimulator
		{5E4AC6E4-155D-44AA-A696-A14CBC73A285}.Ad-Hoc|Any CPU.ActiveCfg = Debug|Any CPU
		{5E4AC6E4-155D-44AA-A696-A14CBC73A285}.Ad-Hoc|Any CPU.Build.0 = Debug|Any CPU
		{5E4AC6E4-155D-44AA-A696-A14CBC73A285}.Ad-Hoc|Any CPU.Deploy.0 = Debug|Any CPU
		{5E4AC6E4-155D-44AA-A696-A14CBC73A285}.Ad-Hoc|iPhone.ActiveCfg = Debug|Any CPU
		{5E4AC6E4-155D-44AA-A696-A14CBC73A285}.Ad-Hoc|iPhone.Build.0 = Debug|Any CPU
		{5E4AC6E4-155D-44AA-A696-A14CBC73A285}.Ad-Hoc|iPhone.Deploy.0 = Debug|Any CPU
		{5E4AC6E4-155D-44AA-A696-A14CBC73A285}.Ad-Hoc|iPhoneSimulator.ActiveCfg = Debug|Any CPU
		{5E4AC6E4-155D-44AA-A696-A14CBC73A285}.Ad-Hoc|iPhoneSimulator.Build.0 = Debug|Any CPU
		{5E4AC6E4-155D-44AA-A696-A14CBC73A285}.Ad-Hoc|iPhoneSimulator.Deploy.0 = Debug|Any CPU
		{5E4AC6E4-155D-44AA-A696-A14CBC73A285}.AppStore|Any CPU.ActiveCfg = Debug|Any CPU
		{5E4AC6E4-155D-44AA-A696-A14CBC73A285}.AppStore|Any CPU.Build.0 = Debug|Any CPU
		{5E4AC6E4-155D-44AA-A696-A14CBC73A285}.AppStore|Any CPU.Deploy.0 = Debug|Any CPU
		{5E4AC6E4-155D-44AA-A696-A14CBC73A285}.AppStore|iPhone.ActiveCfg = Debug|Any CPU
		{5E4AC6E4-155D-44AA-A696-A14CBC73A285}.AppStore|iPhone.Build.0 = Debug|Any CPU
		{5E4AC6E4-155D-44AA-A696-A14CBC73A285}.AppStore|iPhone.Deploy.0 = Debug|Any CPU
		{5E4AC6E4-155D-44AA-A696-A14CBC73A285}.AppStore|iPhoneSimulator.ActiveCfg = Debug|Any CPU
		{5E4AC6E4-155D-44AA-A696-A14CBC73A285}.AppStore|iPhoneSimulator.Build.0 = Debug|Any CPU
		{5E4AC6E4-155D-44AA-A696-A14CBC73A285}.AppStore|iPhoneSimulator.Deploy.0 = Debug|Any CPU
		{5E4AC6E4-155D-44AA-A696-A14CBC73A285}.Debug|Any CPU.ActiveCfg = Debug|Any CPU
		{5E4AC6E4-155D-44AA-A696-A14CBC73A285}.Debug|Any CPU.Build.0 = Debug|Any CPU
		{5E4AC6E4-155D-44AA-A696-A14CBC73A285}.Debug|Any CPU.Deploy.0 = Debug|Any CPU
		{5E4AC6E4-155D-44AA-A696-A14CBC73A285}.Debug|iPhone.ActiveCfg = Debug|Any CPU
		{5E4AC6E4-155D-44AA-A696-A14CBC73A285}.Debug|iPhone.Build.0 = Debug|Any CPU
		{5E4AC6E4-155D-44AA-A696-A14CBC73A285}.Debug|iPhone.Deploy.0 = Debug|Any CPU
		{5E4AC6E4-155D-44AA-A696-A14CBC73A285}.Debug|iPhoneSimulator.ActiveCfg = Debug|Any CPU
		{5E4AC6E4-155D-44AA-A696-A14CBC73A285}.Debug|iPhoneSimulator.Build.0 = Debug|Any CPU
		{5E4AC6E4-155D-44AA-A696-A14CBC73A285}.Debug|iPhoneSimulator.Deploy.0 = Debug|Any CPU
		{5E4AC6E4-155D-44AA-A696-A14CBC73A285}.Release|Any CPU.ActiveCfg = Release|Any CPU
		{5E4AC6E4-155D-44AA-A696-A14CBC73A285}.Release|Any CPU.Build.0 = Release|Any CPU
		{5E4AC6E4-155D-44AA-A696-A14CBC73A285}.Release|Any CPU.Deploy.0 = Release|Any CPU
		{5E4AC6E4-155D-44AA-A696-A14CBC73A285}.Release|iPhone.ActiveCfg = Release|Any CPU
		{5E4AC6E4-155D-44AA-A696-A14CBC73A285}.Release|iPhone.Build.0 = Release|Any CPU
		{5E4AC6E4-155D-44AA-A696-A14CBC73A285}.Release|iPhone.Deploy.0 = Release|Any CPU
		{5E4AC6E4-155D-44AA-A696-A14CBC73A285}.Release|iPhoneSimulator.ActiveCfg = Release|Any CPU
		{5E4AC6E4-155D-44AA-A696-A14CBC73A285}.Release|iPhoneSimulator.Build.0 = Release|Any CPU
		{5E4AC6E4-155D-44AA-A696-A14CBC73A285}.Release|iPhoneSimulator.Deploy.0 = Release|Any CPU
	EndGlobalSection
	GlobalSection(SolutionProperties) = preSolution
		HideSolutionNode = FALSE
	EndGlobalSection
	GlobalSection(ExtensibilityGlobals) = postSolution
		SolutionGuid = {0C16528E-48CB-43F7-BA73-E10085F22BD3}
	EndGlobalSection
EndGlobal
